// !$*UTF8*$!
{
	archiveVersion = 1;
	classes = {
	};
	objectVersion = 50;
	objects = {

/* Begin PBXBuildFile section */
		18EC4BA021C741C100E41935 /* AppDelegate.m in Sources */ = {isa = PBXBuildFile; fileRef = 18EC4B9F21C741C100E41935 /* AppDelegate.m */; };
		18EC4BA321C741C100E41935 /* ViewController.m in Sources */ = {isa = PBXBuildFile; fileRef = 18EC4BA221C741C100E41935 /* ViewController.m */; };
		18EC4BA621C741C100E41935 /* Main.storyboard in Resources */ = {isa = PBXBuildFile; fileRef = 18EC4BA421C741C100E41935 /* Main.storyboard */; };
		18EC4BA821C741C500E41935 /* Assets.xcassets in Resources */ = {isa = PBXBuildFile; fileRef = 18EC4BA721C741C500E41935 /* Assets.xcassets */; };
		18EC4BAB21C741C500E41935 /* LaunchScreen.storyboard in Resources */ = {isa = PBXBuildFile; fileRef = 18EC4BA921C741C500E41935 /* LaunchScreen.storyboard */; };
		18EC4BAE21C741C500E41935 /* main.m in Sources */ = {isa = PBXBuildFile; fileRef = 18EC4BAD21C741C500E41935 /* main.m */; };
		18EC4BB821C741C600E41935 /* ______Tests.m in Sources */ = {isa = PBXBuildFile; fileRef = 18EC4BB721C741C600E41935 /* ______Tests.m */; };
		18EC4BC321C741C600E41935 /* ______UITests.m in Sources */ = {isa = PBXBuildFile; fileRef = 18EC4BC221C741C600E41935 /* ______UITests.m */; };
/* End PBXBuildFile section */

/* Begin PBXContainerItemProxy section */
		18EC4BB421C741C600E41935 /* PBXContainerItemProxy */ = {
			isa = PBXContainerItemProxy;
			containerPortal = 18EC4B9321C741C100E41935 /* Project object */;
			proxyType = 1;
			remoteGlobalIDString = 18EC4B9A21C741C100E41935;
			remoteInfo = "类之间的通信";
		};
		18EC4BBF21C741C600E41935 /* PBXContainerItemProxy */ = {
			isa = PBXContainerItemProxy;
			containerPortal = 18EC4B9321C741C100E41935 /* Project object */;
			proxyType = 1;
			remoteGlobalIDString = 18EC4B9A21C741C100E41935;
			remoteInfo = "类之间的通信";
		};
/* End PBXContainerItemProxy section */

/* Begin PBXFileReference section */
		18EC4B9B21C741C100E41935 /* 类之间的通信.app */ = {isa = PBXFileReference; explicitFileType = wrapper.application; includeInIndex = 0; path = "类之间的通信.app"; sourceTree = BUILT_PRODUCTS_DIR; };
		18EC4B9E21C741C100E41935 /* AppDelegate.h */ = {isa = PBXFileReference; lastKnownFileType = sourcecode.c.h; path = AppDelegate.h; sourceTree = "<group>"; };
		18EC4B9F21C741C100E41935 /* AppDelegate.m */ = {isa = PBXFileReference; lastKnownFileType = sourcecode.c.objc; path = AppDelegate.m; sourceTree = "<group>"; };
		18EC4BA121C741C100E41935 /* ViewController.h */ = {isa = PBXFileReference; lastKnownFileType = sourcecode.c.h; path = ViewController.h; sourceTree = "<group>"; };
		18EC4BA221C741C100E41935 /* ViewController.m */ = {isa = PBXFileReference; lastKnownFileType = sourcecode.c.objc; path = ViewController.m; sourceTree = "<group>"; };
		18EC4BA521C741C100E41935 /* Base */ = {isa = PBXFileReference; lastKnownFileType = file.storyboard; name = Base; path = Base.lproj/Main.storyboard; sourceTree = "<group>"; };
		18EC4BA721C741C500E41935 /* Assets.xcassets */ = {isa = PBXFileReference; lastKnownFileType = folder.assetcatalog; path = Assets.xcassets; sourceTree = "<group>"; };
		18EC4BAA21C741C500E41935 /* Base */ = {isa = PBXFileReference; lastKnownFileType = file.storyboard; name = Base; path = Base.lproj/LaunchScreen.storyboard; sourceTree = "<group>"; };
		18EC4BAC21C741C500E41935 /* Info.plist */ = {isa = PBXFileReference; lastKnownFileType = text.plist.xml; path = Info.plist; sourceTree = "<group>"; };
		18EC4BAD21C741C500E41935 /* main.m */ = {isa = PBXFileReference; lastKnownFileType = sourcecode.c.objc; path = main.m; sourceTree = "<group>"; };
		18EC4BB321C741C600E41935 /* 类之间的通信Tests.xctest */ = {isa = PBXFileReference; explicitFileType = wrapper.cfbundle; includeInIndex = 0; path = "类之间的通信Tests.xctest"; sourceTree = BUILT_PRODUCTS_DIR; };
		18EC4BB721C741C600E41935 /* ______Tests.m */ = {isa = PBXFileReference; lastKnownFileType = sourcecode.c.objc; path = "______Tests.m"; sourceTree = "<group>"; };
		18EC4BB921C741C600E41935 /* Info.plist */ = {isa = PBXFileReference; lastKnownFileType = text.plist.xml; path = Info.plist; sourceTree = "<group>"; };
		18EC4BBE21C741C600E41935 /* 类之间的通信UITests.xctest */ = {isa = PBXFileReference; explicitFileType = wrapper.cfbundle; includeInIndex = 0; path = "类之间的通信UITests.xctest"; sourceTree = BUILT_PRODUCTS_DIR; };
		18EC4BC221C741C600E41935 /* ______UITests.m */ = {isa = PBXFileReference; lastKnownFileType = sourcecode.c.objc; path = "______UITests.m"; sourceTree = "<group>"; };
		18EC4BC421C741C600E41935 /* Info.plist */ = {isa = PBXFileReference; lastKnownFileType = text.plist.xml; path = Info.plist; sourceTree = "<group>"; };
/* End PBXFileReference section */

/* Begin PBXFrameworksBuildPhase section */
		18EC4B9821C741C100E41935 /* Frameworks */ = {
			isa = PBXFrameworksBuildPhase;
			buildActionMask = 2147483647;
			files = (
			);
			runOnlyForDeploymentPostprocessing = 0;
		};
		18EC4BB021C741C600E41935 /* Frameworks */ = {
			isa = PBXFrameworksBuildPhase;
			buildActionMask = 2147483647;
			files = (
			);
			runOnlyForDeploymentPostprocessing = 0;
		};
		18EC4BBB21C741C600E41935 /* Frameworks */ = {
			isa = PBXFrameworksBuildPhase;
			buildActionMask = 2147483647;
			files = (
			);
			runOnlyForDeploymentPostprocessing = 0;
		};
/* End PBXFrameworksBuildPhase section */

/* Begin PBXGroup section */
		18EC4B9221C741C100E41935 = {
			isa = PBXGroup;
			children = (
				18EC4B9D21C741C100E41935 /* 类之间的通信 */,
				18EC4BB621C741C600E41935 /* 类之间的通信Tests */,
				18EC4BC121C741C600E41935 /* 类之间的通信UITests */,
				18EC4B9C21C741C100E41935 /* Products */,
			);
			sourceTree = "<group>";
		};
		18EC4B9C21C741C100E41935 /* Products */ = {
			isa = PBXGroup;
			children = (
				18EC4B9B21C741C100E41935 /* 类之间的通信.app */,
				18EC4BB321C741C600E41935 /* 类之间的通信Tests.xctest */,
				18EC4BBE21C741C600E41935 /* 类之间的通信UITests.xctest */,
			);
			name = Products;
			sourceTree = "<group>";
		};
		18EC4B9D21C741C100E41935 /* 类之间的通信 */ = {
			isa = PBXGroup;
			children = (
				18EC4B9E21C741C100E41935 /* AppDelegate.h */,
				18EC4B9F21C741C100E41935 /* AppDelegate.m */,
				18EC4BA121C741C100E41935 /* ViewController.h */,
				18EC4BA221C741C100E41935 /* ViewController.m */,
				18EC4BA421C741C100E41935 /* Main.storyboard */,
				18EC4BA721C741C500E41935 /* Assets.xcassets */,
				18EC4BA921C741C500E41935 /* LaunchScreen.storyboard */,
				18EC4BAC21C741C500E41935 /* Info.plist */,
				18EC4BAD21C741C500E41935 /* main.m */,
			);
			path = "类之间的通信";
			sourceTree = "<group>";
		};
		18EC4BB621C741C600E41935 /* 类之间的通信Tests */ = {
			isa = PBXGroup;
			children = (
				18EC4BB721C741C600E41935 /* ______Tests.m */,
				18EC4BB921C741C600E41935 /* Info.plist */,
			);
			path = "类之间的通信Tests";
			sourceTree = "<group>";
		};
		18EC4BC121C741C600E41935 /* 类之间的通信UITests */ = {
			isa = PBXGroup;
			children = (
				18EC4BC221C741C600E41935 /* ______UITests.m */,
				18EC4BC421C741C600E41935 /* Info.plist */,
			);
			path = "类之间的通信UITests";
			sourceTree = "<group>";
		};
/* End PBXGroup section */

/* Begin PBXNativeTarget section */
		18EC4B9A21C741C100E41935 /* 类之间的通信 */ = {
			isa = PBXNativeTarget;
			buildConfigurationList = 18EC4BC721C741C600E41935 /* Build configuration list for PBXNativeTarget "类之间的通信" */;
			buildPhases = (
				18EC4B9721C741C100E41935 /* Sources */,
				18EC4B9821C741C100E41935 /* Frameworks */,
				18EC4B9921C741C100E41935 /* Resources */,
			);
			buildRules = (
			);
			dependencies = (
			);
			name = "类之间的通信";
			productName = "类之间的通信";
			productReference = 18EC4B9B21C741C100E41935 /* 类之间的通信.app */;
			productType = "com.apple.product-type.application";
		};
		18EC4BB221C741C600E41935 /* 类之间的通信Tests */ = {
			isa = PBXNativeTarget;
			buildConfigurationList = 18EC4BCA21C741C600E41935 /* Build configuration list for PBXNativeTarget "类之间的通信Tests" */;
			buildPhases = (
				18EC4BAF21C741C600E41935 /* Sources */,
				18EC4BB021C741C600E41935 /* Frameworks */,
				18EC4BB121C741C600E41935 /* Resources */,
			);
			buildRules = (
			);
			dependencies = (
				18EC4BB521C741C600E41935 /* PBXTargetDependency */,
			);
			name = "类之间的通信Tests";
			productName = "类之间的通信Tests";
			productReference = 18EC4BB321C741C600E41935 /* 类之间的通信Tests.xctest */;
			productType = "com.apple.product-type.bundle.unit-test";
		};
		18EC4BBD21C741C600E41935 /* 类之间的通信UITests */ = {
			isa = PBXNativeTarget;
			buildConfigurationList = 18EC4BCD21C741C600E41935 /* Build configuration list for PBXNativeTarget "类之间的通信UITests" */;
			buildPhases = (
				18EC4BBA21C741C600E41935 /* Sources */,
				18EC4BBB21C741C600E41935 /* Frameworks */,
				18EC4BBC21C741C600E41935 /* Resources */,
			);
			buildRules = (
			);
			dependencies = (
				18EC4BC021C741C600E41935 /* PBXTargetDependency */,
			);
			name = "类之间的通信UITests";
			productName = "类之间的通信UITests";
			productReference = 18EC4BBE21C741C600E41935 /* 类之间的通信UITests.xctest */;
			productType = "com.apple.product-type.bundle.ui-testing";
		};
/* End PBXNativeTarget section */

/* Begin PBXProject section */
		18EC4B9321C741C100E41935 /* Project object */ = {
			isa = PBXProject;
			attributes = {
				LastUpgradeCheck = 1010;
				ORGANIZATIONNAME = HuangMS;
				TargetAttributes = {
					18EC4B9A21C741C100E41935 = {
						CreatedOnToolsVersion = 10.1;
					};
					18EC4BB221C741C600E41935 = {
						CreatedOnToolsVersion = 10.1;
						TestTargetID = 18EC4B9A21C741C100E41935;
					};
					18EC4BBD21C741C600E41935 = {
						CreatedOnToolsVersion = 10.1;
						TestTargetID = 18EC4B9A21C741C100E41935;
					};
				};
			};
			buildConfigurationList = 18EC4B9621C741C100E41935 /* Build configuration list for PBXProject "类之间的通信" */;
			compatibilityVersion = "Xcode 9.3";
			developmentRegion = en;
			hasScannedForEncodings = 0;
			knownRegions = (
				en,
				Base,
			);
			mainGroup = 18EC4B9221C741C100E41935;
			productRefGroup = 18EC4B9C21C741C100E41935 /* Products */;
			projectDirPath = "";
			projectRoot = "";
			targets = (
				18EC4B9A21C741C100E41935 /* 类之间的通信 */,
				18EC4BB221C741C600E41935 /* 类之间的通信Tests */,
				18EC4BBD21C741C600E41935 /* 类之间的通信UITests */,
			);
		};
/* End PBXProject section */

/* Begin PBXResourcesBuildPhase section */
		18EC4B9921C741C100E41935 /* Resources */ = {
			isa = PBXResourcesBuildPhase;
			buildActionMask = 2147483647;
			files = (
				18EC4BAB21C741C500E41935 /* LaunchScreen.storyboard in Resources */,
				18EC4BA821C741C500E41935 /* Assets.xcassets in Resources */,
				18EC4BA621C741C100E41935 /* Main.storyboard in Resources */,
			);
			runOnlyForDeploymentPostprocessing = 0;
		};
		18EC4BB121C741C600E41935 /* Resources */ = {
			isa = PBXResourcesBuildPhase;
			buildActionMask = 2147483647;
			files = (
			);
			runOnlyForDeploymentPostprocessing = 0;
		};
		18EC4BBC21C741C600E41935 /* Resources */ = {
			isa = PBXResourcesBuildPhase;
			buildActionMask = 2147483647;
			files = (
			);
			runOnlyForDeploymentPostprocessing = 0;
		};
/* End PBXResourcesBuildPhase section */

/* Begin PBXSourcesBuildPhase section */
		18EC4B9721C741C100E41935 /* Sources */ = {
			isa = PBXSourcesBuildPhase;
			buildActionMask = 2147483647;
			files = (
				18EC4BA321C741C100E41935 /* ViewController.m in Sources */,
				18EC4BAE21C741C500E41935 /* main.m in Sources */,
				18EC4BA021C741C100E41935 /* AppDelegate.m in Sources */,
			);
			runOnlyForDeploymentPostprocessing = 0;
		};
		18EC4BAF21C741C600E41935 /* Sources */ = {
			isa = PBXSourcesBuildPhase;
			buildActionMask = 2147483647;
			files = (
				18EC4BB821C741C600E41935 /* ______Tests.m in Sources */,
			);
			runOnlyForDeploymentPostprocessing = 0;
		};
		18EC4BBA21C741C600E41935 /* Sources */ = {
			isa = PBXSourcesBuildPhase;
			buildActionMask = 2147483647;
			files = (
				18EC4BC321C741C600E41935 /* ______UITests.m in Sources */,
			);
			runOnlyForDeploymentPostprocessing = 0;
		};
/* End PBXSourcesBuildPhase section */

/* Begin PBXTargetDependency section */
		18EC4BB521C741C600E41935 /* PBXTargetDependency */ = {
			isa = PBXTargetDependency;
			target = 18EC4B9A21C741C100E41935 /* 类之间的通信 */;
			targetProxy = 18EC4BB421C741C600E41935 /* PBXContainerItemProxy */;
		};
		18EC4BC021C741C600E41935 /* PBXTargetDependency */ = {
			isa = PBXTargetDependency;
			target = 18EC4B9A21C741C100E41935 /* 类之间的通信 */;
			targetProxy = 18EC4BBF21C741C600E41935 /* PBXContainerItemProxy */;
		};
/* End PBXTargetDependency section */

/* Begin PBXVariantGroup section */
		18EC4BA421C741C100E41935 /* Main.storyboard */ = {
			isa = PBXVariantGroup;
			children = (
				18EC4BA521C741C100E41935 /* Base */,
			);
			name = Main.storyboard;
			sourceTree = "<group>";
		};
		18EC4BA921C741C500E41935 /* LaunchScreen.storyboard */ = {
			isa = PBXVariantGroup;
			children = (
				18EC4BAA21C741C500E41935 /* Base */,
			);
			name = LaunchScreen.storyboard;
			sourceTree = "<group>";
		};
/* End PBXVariantGroup section */

/* Begin XCBuildConfiguration section */
		18EC4BC521C741C600E41935 /* Debug */ = {
			isa = XCBuildConfiguration;
			buildSettings = {
				ALWAYS_SEARCH_USER_PATHS = NO;
				CLANG_ANALYZER_NONNULL = YES;
				CLANG_ANALYZER_NUMBER_OBJECT_CONVERSION = YES_AGGRESSIVE;
				CLANG_CXX_LANGUAGE_STANDARD = "gnu++14";
				CLANG_CXX_LIBRARY = "libc++";
				CLANG_ENABLE_MODULES = YES;
				CLANG_ENABLE_OBJC_ARC = YES;
				CLANG_ENABLE_OBJC_WEAK = YES;
				CLANG_WARN_BLOCK_CAPTURE_AUTORELEASING = YES;
				CLANG_WARN_BOOL_CONVERSION = YES;
				CLANG_WARN_COMMA = YES;
				CLANG_WARN_CONSTANT_CONVERSION = YES;
				CLANG_WARN_DEPRECATED_OBJC_IMPLEMENTATIONS = YES;
				CLANG_WARN_DIRECT_OBJC_ISA_USAGE = YES_ERROR;
				CLANG_WARN_DOCUMENTATION_COMMENTS = YES;
				CLANG_WARN_EMPTY_BODY = YES;
				CLANG_WARN_ENUM_CONVERSION = YES;
				CLANG_WARN_INFINITE_RECURSION = YES;
				CLANG_WARN_INT_CONVERSION = YES;
				CLANG_WARN_NON_LITERAL_NULL_CONVERSION = YES;
				CLANG_WARN_OBJC_IMPLICIT_RETAIN_SELF = YES;
				CLANG_WARN_OBJC_LITERAL_CONVERSION = YES;
				CLANG_WARN_OBJC_ROOT_CLASS = YES_ERROR;
				CLANG_WARN_RANGE_LOOP_ANALYSIS = YES;
				CLANG_WARN_STRICT_PROTOTYPES = YES;
				CLANG_WARN_SUSPICIOUS_MOVE = YES;
				CLANG_WARN_UNGUARDED_AVAILABILITY = YES_AGGRESSIVE;
				CLANG_WARN_UNREACHABLE_CODE = YES;
				CLANG_WARN__DUPLICATE_METHOD_MATCH = YES;
				CODE_SIGN_IDENTITY = "iPhone Developer";
				COPY_PHASE_STRIP = NO;
				DEBUG_INFORMATION_FORMAT = dwarf;
				ENABLE_STRICT_OBJC_MSGSEND = YES;
				ENABLE_TESTABILITY = YES;
				GCC_C_LANGUAGE_STANDARD = gnu11;
				GCC_DYNAMIC_NO_PIC = NO;
				GCC_NO_COMMON_BLOCKS = YES;
				GCC_OPTIMIZATION_LEVEL = 0;
				GCC_PREPROCESSOR_DEFINITIONS = (
					"DEBUG=1",
					"$(inherited)",
				);
				GCC_WARN_64_TO_32_BIT_CONVERSION = YES;
				GCC_WARN_ABOUT_RETURN_TYPE = YES_ERROR;
				GCC_WARN_UNDECLARED_SELECTOR = YES;
				GCC_WARN_UNINITIALIZED_AUTOS = YES_AGGRESSIVE;
				GCC_WARN_UNUSED_FUNCTION = YES;
				GCC_WARN_UNUSED_VARIABLE = YES;
				IPHONEOS_DEPLOYMENT_TARGET = 12.1;
				MTL_ENABLE_DEBUG_INFO = INCLUDE_SOURCE;
				MTL_FAST_MATH = YES;
				ONLY_ACTIVE_ARCH = YES;
				SDKROOT = iphoneos;
			};
			name = Debug;
		};
		18EC4BC621C741C600E41935 /* Release */ = {
			isa = XCBuildConfiguration;
			buildSettings = {
				ALWAYS_SEARCH_USER_PATHS = NO;
				CLANG_ANALYZER_NONNULL = YES;
				CLANG_ANALYZER_NUMBER_OBJECT_CONVERSION = YES_AGGRESSIVE;
				CLANG_CXX_LANGUAGE_STANDARD = "gnu++14";
				CLANG_CXX_LIBRARY = "libc++";
				CLANG_ENABLE_MODULES = YES;
				CLANG_ENABLE_OBJC_ARC = YES;
				CLANG_ENABLE_OBJC_WEAK = YES;
				CLANG_WARN_BLOCK_CAPTURE_AUTORELEASING = YES;
				CLANG_WARN_BOOL_CONVERSION = YES;
				CLANG_WARN_COMMA = YES;
				CLANG_WARN_CONSTANT_CONVERSION = YES;
				CLANG_WARN_DEPRECATED_OBJC_IMPLEMENTATIONS = YES;
				CLANG_WARN_DIRECT_OBJC_ISA_USAGE = YES_ERROR;
				CLANG_WARN_DOCUMENTATION_COMMENTS = YES;
				CLANG_WARN_EMPTY_BODY = YES;
				CLANG_WARN_ENUM_CONVERSION = YES;
				CLANG_WARN_INFINITE_RECURSION = YES;
				CLANG_WARN_INT_CONVERSION = YES;
				CLANG_WARN_NON_LITERAL_NULL_CONVERSION = YES;
				CLANG_WARN_OBJC_IMPLICIT_RETAIN_SELF = YES;
				CLANG_WARN_OBJC_LITERAL_CONVERSION = YES;
				CLANG_WARN_OBJC_ROOT_CLASS = YES_ERROR;
				CLANG_WARN_RANGE_LOOP_ANALYSIS = YES;
				CLANG_WARN_STRICT_PROTOTYPES = YES;
				CLANG_WARN_SUSPICIOUS_MOVE = YES;
				CLANG_WARN_UNGUARDED_AVAILABILITY = YES_AGGRESSIVE;
				CLANG_WARN_UNREACHABLE_CODE = YES;
				CLANG_WARN__DUPLICATE_METHOD_MATCH = YES;
				CODE_SIGN_IDENTITY = "iPhone Developer";
				COPY_PHASE_STRIP = NO;
				DEBUG_INFORMATION_FORMAT = "dwarf-with-dsym";
				ENABLE_NS_ASSERTIONS = NO;
				ENABLE_STRICT_OBJC_MSGSEND = YES;
				GCC_C_LANGUAGE_STANDARD = gnu11;
				GCC_NO_COMMON_BLOCKS = YES;
				GCC_WARN_64_TO_32_BIT_CONVERSION = YES;
				GCC_WARN_ABOUT_RETURN_TYPE = YES_ERROR;
				GCC_WARN_UNDECLARED_SELECTOR = YES;
				GCC_WARN_UNINITIALIZED_AUTOS = YES_AGGRESSIVE;
				GCC_WARN_UNUSED_FUNCTION = YES;
				GCC_WARN_UNUSED_VARIABLE = YES;
				IPHONEOS_DEPLOYMENT_TARGET = 12.1;
				MTL_ENABLE_DEBUG_INFO = NO;
				MTL_FAST_MATH = YES;
				SDKROOT = iphoneos;
				VALIDATE_PRODUCT = YES;
			};
			name = Release;
		};
		18EC4BC821C741C600E41935 /* Debug */ = {
			isa = XCBuildConfiguration;
			buildSettings = {
				ASSETCATALOG_COMPILER_APPICON_NAME = AppIcon;
				CODE_SIGN_STYLE = Automatic;
				INFOPLIST_FILE = "类之间的通信/Info.plist";
				LD_RUNPATH_SEARCH_PATHS = (
					"$(inherited)",
					"@executable_path/Frameworks",
				);
				PRODUCT_BUNDLE_IDENTIFIER = "cn.tianrun.------";
				PRODUCT_NAME = "$(TARGET_NAME)";
				TARGETED_DEVICE_FAMILY = "1,2";
			};
			name = Debug;
		};
		18EC4BC921C741C600E41935 /* Release */ = {
			isa = XCBuildConfiguration;
			buildSettings = {
				ASSETCATALOG_COMPILER_APPICON_NAME = AppIcon;
				CODE_SIGN_STYLE = Automatic;
				INFOPLIST_FILE = "类之间的通信/Info.plist";
				LD_RUNPATH_SEARCH_PATHS = (
					"$(inherited)",
					"@executable_path/Frameworks",
				);
				PRODUCT_BUNDLE_IDENTIFIER = "cn.tianrun.------";
				PRODUCT_NAME = "$(TARGET_NAME)";
				TARGETED_DEVICE_FAMILY = "1,2";
			};
			name = Release;
		};
		18EC4BCB21C741C600E41935 /* Debug */ = {
			isa = XCBuildConfiguration;
			buildSettings = {
				BUNDLE_LOADER = "$(TEST_HOST)";
				CODE_SIGN_STYLE = Automatic;
				INFOPLIST_FILE = "类之间的通信Tests/Info.plist";
				LD_RUNPATH_SEARCH_PATHS = (
					"$(inherited)",
					"@executable_path/Frameworks",
					"@loader_path/Frameworks",
				);
				PRODUCT_BUNDLE_IDENTIFIER = "cn.tianrun.------Tests";
				PRODUCT_NAME = "$(TARGET_NAME)";
				TARGETED_DEVICE_FAMILY = "1,2";
				TEST_HOST = "$(BUILT_PRODUCTS_DIR)/类之间的通信.app/类之间的通信";
			};
			name = Debug;
		};
		18EC4BCC21C741C600E41935 /* Release */ = {
			isa = XCBuildConfiguration;
			buildSettings = {
				BUNDLE_LOADER = "$(TEST_HOST)";
				CODE_SIGN_STYLE = Automatic;
				INFOPLIST_FILE = "类之间的通信Tests/Info.plist";
				LD_RUNPATH_SEARCH_PATHS = (
					"$(inherited)",
					"@executable_path/Frameworks",
					"@loader_path/Frameworks",
				);
				PRODUCT_BUNDLE_IDENTIFIER = "cn.tianrun.------Tests";
				PRODUCT_NAME = "$(TARGET_NAME)";
				TARGETED_DEVICE_FAMILY = "1,2";
				TEST_HOST = "$(BUILT_PRODUCTS_DIR)/类之间的通信.app/类之间的通信";
			};
			name = Release;
		};
		18EC4BCE21C741C600E41935 /* Debug */ = {
			isa = XCBuildConfiguration;
			buildSettings = {
				CODE_SIGN_STYLE = Automatic;
				INFOPLIST_FILE = "类之间的通信UITests/Info.plist";
				LD_RUNPATH_SEARCH_PATHS = (
					"$(inherited)",
					"@executable_path/Frameworks",
					"@loader_path/Frameworks",
				);
				PRODUCT_BUNDLE_IDENTIFIER = "cn.tianrun.------UITests";
				PRODUCT_NAME = "$(TARGET_NAME)";
				TARGETED_DEVICE_FAMILY = "1,2";
				TEST_TARGET_NAME = "类之间的通信";
			};
			name = Debug;
		};
		18EC4BCF21C741C600E41935 /* Release */ = {
			isa = XCBuildConfiguration;
			buildSettings = {
				CODE_SIGN_STYLE = Automatic;
				INFOPLIST_FILE = "类之间的通信UITests/Info.plist";
				LD_RUNPATH_SEARCH_PATHS = (
					"$(inherited)",
					"@executable_path/Frameworks",
					"@loader_path/Frameworks",
				);
				PRODUCT_BUNDLE_IDENTIFIER = "cn.tianrun.------UITests";
				PRODUCT_NAME = "$(TARGET_NAME)";
				TARGETED_DEVICE_FAMILY = "1,2";
				TEST_TARGET_NAME = "类之间的通信";
			};
			name = Release;
		};
/* End XCBuildConfiguration section */

/* Begin XCConfigurationList section */
		18EC4B9621C741C100E41935 /* Build configuration list for PBXProject "类之间的通信" */ = {
			isa = XCConfigurationList;
			buildConfigurations = (
				18EC4BC521C741C600E41935 /* Debug */,
				18EC4BC621C741C600E41935 /* Release */,
			);
			defaultConfigurationIsVisible = 0;
			defaultConfigurationName = Release;
		};
		18EC4BC721C741C600E41935 /* Build configuration list for PBXNativeTarget "类之间的通信" */ = {
			isa = XCConfigurationList;
			buildConfigurations = (
				18EC4BC821C741C600E41935 /* Debug */,
				18EC4BC921C741C600E41935 /* Release */,
			);
			defaultConfigurationIsVisible = 0;
			defaultConfigurationName = Release;
		};
		18EC4BCA21C741C600E41935 /* Build configuration list for PBXNativeTarget "类之间的通信Tests" */ = {
			isa = XCConfigurationList;
			buildConfigurations = (
				18EC4BCB21C741C600E41935 /* Debug */,
				18EC4BCC21C741C600E41935 /* Release */,
			);
			defaultConfigurationIsVisible = 0;
			defaultConfigurationName = Release;
		};
		18EC4BCD21C741C600E41935 /* Build configuration list for PBXNativeTarget "类之间的通信UITests" */ = {
			isa = XCConfigurationList;
			buildConfigurations = (
				18EC4BCE21C741C600E41935 /* Debug */,
				18EC4BCF21C741C600E41935 /* Release */,
			);
			defaultConfigurationIsVisible = 0;
			defaultConfigurationName = Release;
		};
/* End XCConfigurationList section */
	};
	rootObject = 18EC4B9321C741C100E41935 /* Project object */;
}
